// !$*UTF8*$!
{
	archiveVersion = 1;
	classes = {
	};
	objectVersion = 56;
	objects = {

/* Begin PBXBuildFile section */
		B95B6F8A2C2DD3C000301F56 /* Snap.swift in Sources */ = {isa = PBXBuildFile; fileRef = B95B6F892C2DD3C000301F56 /* Snap.swift */; };
		B95B6F8C2C2DDD8E00301F56 /* VerSnapViewController.swift in Sources */ = {isa = PBXBuildFile; fileRef = B95B6F8B2C2DDD8E00301F56 /* VerSnapViewController.swift */; };
		B95B6F8F2C2F8D1D00301F56 /* SDWebImage in Frameworks */ = {isa = PBXBuildFile; productRef = B95B6F8E2C2F8D1D00301F56 /* SDWebImage */; };
		B95B6F912C2F8D1D00301F56 /* SDWebImageMapKit in Frameworks */ = {isa = PBXBuildFile; productRef = B95B6F902C2F8D1D00301F56 /* SDWebImageMapKit */; };
		B95B6F932C305C2200301F56 /* AudioViewController.swift in Sources */ = {isa = PBXBuildFile; fileRef = B95B6F922C305C2200301F56 /* AudioViewController.swift */; };
		B95B6F972C30B82E00301F56 /* EditProfileViewController.swift in Sources */ = {isa = PBXBuildFile; fileRef = B95B6F962C30B82E00301F56 /* EditProfileViewController.swift */; };
		B95B6F992C30C0A300301F56 /* FirebaseInAppMessaging-Beta in Frameworks */ = {isa = PBXBuildFile; productRef = B95B6F982C30C0A300301F56 /* FirebaseInAppMessaging-Beta */; };
		B95B6F9B2C30C0A300301F56 /* FirebaseInAppMessagingSwift-Beta in Frameworks */ = {isa = PBXBuildFile; productRef = B95B6F9A2C30C0A300301F56 /* FirebaseInAppMessagingSwift-Beta */; };
		B95B6F9D2C30C0A300301F56 /* FirebaseMessaging in Frameworks */ = {isa = PBXBuildFile; productRef = B95B6F9C2C30C0A300301F56 /* FirebaseMessaging */; };
		B96DB56E2C2BD10900D36941 /* RegistroViewController.swift in Sources */ = {isa = PBXBuildFile; fileRef = B96DB56D2C2BD10900D36941 /* RegistroViewController.swift */; };
		B973A6272C2B647C00E3D8CF /* AppDelegate.swift in Sources */ = {isa = PBXBuildFile; fileRef = B973A6262C2B647C00E3D8CF /* AppDelegate.swift */; };
		B973A6292C2B647C00E3D8CF /* SceneDelegate.swift in Sources */ = {isa = PBXBuildFile; fileRef = B973A6282C2B647C00E3D8CF /* SceneDelegate.swift */; };
		B973A62B2C2B647C00E3D8CF /* iniciarSesionViewController.swift in Sources */ = {isa = PBXBuildFile; fileRef = B973A62A2C2B647C00E3D8CF /* iniciarSesionViewController.swift */; };
		B973A62E2C2B647C00E3D8CF /* Base in Resources */ = {isa = PBXBuildFile; fileRef = B973A62D2C2B647C00E3D8CF /* Base */; };
		B973A6302C2B647D00E3D8CF /* Assets.xcassets in Resources */ = {isa = PBXBuildFile; fileRef = B973A62F2C2B647D00E3D8CF /* Assets.xcassets */; };
		B973A6332C2B647D00E3D8CF /* Base in Resources */ = {isa = PBXBuildFile; fileRef = B973A6322C2B647D00E3D8CF /* Base */; };
		B973A63B2C2B662E00E3D8CF /* GoogleService-Info.plist in Resources */ = {isa = PBXBuildFile; fileRef = B973A63A2C2B662D00E3D8CF /* GoogleService-Info.plist */; };
		B973A63E2C2B66B500E3D8CF /* FirebaseAnalytics in Frameworks */ = {isa = PBXBuildFile; productRef = B973A63D2C2B66B500E3D8CF /* FirebaseAnalytics */; };
		B973A6402C2B66B500E3D8CF /* FirebaseAuth in Frameworks */ = {isa = PBXBuildFile; productRef = B973A63F2C2B66B500E3D8CF /* FirebaseAuth */; };
		B973A6422C2B66B500E3D8CF /* FirebaseDatabase in Frameworks */ = {isa = PBXBuildFile; productRef = B973A6412C2B66B500E3D8CF /* FirebaseDatabase */; };
		B973A6442C2B66B500E3D8CF /* FirebaseFirestore in Frameworks */ = {isa = PBXBuildFile; productRef = B973A6432C2B66B500E3D8CF /* FirebaseFirestore */; };
		B973A6462C2B66B500E3D8CF /* FirebaseStorage in Frameworks */ = {isa = PBXBuildFile; productRef = B973A6452C2B66B500E3D8CF /* FirebaseStorage */; };
		B973A6492C2B8BC600E3D8CF /* SnapsViewController.swift in Sources */ = {isa = PBXBuildFile; fileRef = B973A6482C2B8BC600E3D8CF /* SnapsViewController.swift */; };
		B973A64B2C2B917A00E3D8CF /* ImagenViewController.swift in Sources */ = {isa = PBXBuildFile; fileRef = B973A64A2C2B917A00E3D8CF /* ImagenViewController.swift */; };
		B973A64D2C2BA90A00E3D8CF /* ElegirUsuarioViewController.swift in Sources */ = {isa = PBXBuildFile; fileRef = B973A64C2C2BA90A00E3D8CF /* ElegirUsuarioViewController.swift */; };
		B973A6512C2BB29800E3D8CF /* Usuario.swift in Sources */ = {isa = PBXBuildFile; fileRef = B973A6502C2BB29800E3D8CF /* Usuario.swift */; };
		B9818E0D2C31C69700CFA51E /* MapKit.framework in Frameworks */ = {isa = PBXBuildFile; fileRef = B9818E0C2C31C69700CFA51E /* MapKit.framework */; };
		B9818E0F2C31C7AA00CFA51E /* LocationViewController.swift in Sources */ = {isa = PBXBuildFile; fileRef = B9818E0E2C31C7AA00CFA51E /* LocationViewController.swift */; };
		B9818E132C32FCE800CFA51E /* VerAudioViewController.swift in Sources */ = {isa = PBXBuildFile; fileRef = B9818E122C32FCE800CFA51E /* VerAudioViewController.swift */; };
		B9818E152C32FD0400CFA51E /* VerMapaViewController.swift in Sources */ = {isa = PBXBuildFile; fileRef = B9818E142C32FD0400CFA51E /* VerMapaViewController.swift */; };
		B9818E172C33034200CFA51E /* EscucharAudioViewController.swift in Sources */ = {isa = PBXBuildFile; fileRef = B9818E162C33034200CFA51E /* EscucharAudioViewController.swift */; };
/* End PBXBuildFile section */

/* Begin PBXFileReference section */
		B95B6F892C2DD3C000301F56 /* Snap.swift */ = {isa = PBXFileReference; lastKnownFileType = sourcecode.swift; path = Snap.swift; sourceTree = "<group>"; };
		B95B6F8B2C2DDD8E00301F56 /* VerSnapViewController.swift */ = {isa = PBXFileReference; lastKnownFileType = sourcecode.swift; path = VerSnapViewController.swift; sourceTree = "<group>"; };
		B95B6F922C305C2200301F56 /* AudioViewController.swift */ = {isa = PBXFileReference; lastKnownFileType = sourcecode.swift; path = AudioViewController.swift; sourceTree = "<group>"; };
		B95B6F962C30B82E00301F56 /* EditProfileViewController.swift */ = {isa = PBXFileReference; lastKnownFileType = sourcecode.swift; path = EditProfileViewController.swift; sourceTree = "<group>"; };
		B96DB56D2C2BD10900D36941 /* RegistroViewController.swift */ = {isa = PBXFileReference; lastKnownFileType = sourcecode.swift; path = RegistroViewController.swift; sourceTree = "<group>"; };
		B973A6232C2B647C00E3D8CF /* PerezSnapchat2.app */ = {isa = PBXFileReference; explicitFileType = wrapper.application; includeInIndex = 0; path = PerezSnapchat2.app; sourceTree = BUILT_PRODUCTS_DIR; };
		B973A6262C2B647C00E3D8CF /* AppDelegate.swift */ = {isa = PBXFileReference; lastKnownFileType = sourcecode.swift; path = AppDelegate.swift; sourceTree = "<group>"; };
		B973A6282C2B647C00E3D8CF /* SceneDelegate.swift */ = {isa = PBXFileReference; lastKnownFileType = sourcecode.swift; path = SceneDelegate.swift; sourceTree = "<group>"; };
		B973A62A2C2B647C00E3D8CF /* iniciarSesionViewController.swift */ = {isa = PBXFileReference; lastKnownFileType = sourcecode.swift; path = iniciarSesionViewController.swift; sourceTree = "<group>"; };
		B973A62D2C2B647C00E3D8CF /* Base */ = {isa = PBXFileReference; lastKnownFileType = file.storyboard; name = Base; path = Base.lproj/Main.storyboard; sourceTree = "<group>"; };
		B973A62F2C2B647D00E3D8CF /* Assets.xcassets */ = {isa = PBXFileReference; lastKnownFileType = folder.assetcatalog; path = Assets.xcassets; sourceTree = "<group>"; };
		B973A6322C2B647D00E3D8CF /* Base */ = {isa = PBXFileReference; lastKnownFileType = file.storyboard; name = Base; path = Base.lproj/LaunchScreen.storyboard; sourceTree = "<group>"; };
		B973A6342C2B647D00E3D8CF /* Info.plist */ = {isa = PBXFileReference; lastKnownFileType = text.plist.xml; path = Info.plist; sourceTree = "<group>"; };
		B973A63A2C2B662D00E3D8CF /* GoogleService-Info.plist */ = {isa = PBXFileReference; fileEncoding = 4; lastKnownFileType = text.plist.xml; path = "GoogleService-Info.plist"; sourceTree = "<group>"; };
		B973A6472C2B8ACC00E3D8CF /* PerezSnapchat2.entitlements */ = {isa = PBXFileReference; lastKnownFileType = text.plist.entitlements; path = PerezSnapchat2.entitlements; sourceTree = "<group>"; };
		B973A6482C2B8BC600E3D8CF /* SnapsViewController.swift */ = {isa = PBXFileReference; lastKnownFileType = sourcecode.swift; path = SnapsViewController.swift; sourceTree = "<group>"; };
		B973A64A2C2B917A00E3D8CF /* ImagenViewController.swift */ = {isa = PBXFileReference; lastKnownFileType = sourcecode.swift; path = ImagenViewController.swift; sourceTree = "<group>"; };
		B973A64C2C2BA90A00E3D8CF /* ElegirUsuarioViewController.swift */ = {isa = PBXFileReference; lastKnownFileType = sourcecode.swift; path = ElegirUsuarioViewController.swift; sourceTree = "<group>"; };
		B973A6502C2BB29800E3D8CF /* Usuario.swift */ = {isa = PBXFileReference; lastKnownFileType = sourcecode.swift; path = Usuario.swift; sourceTree = "<group>"; };
		B9818E0C2C31C69700CFA51E /* MapKit.framework */ = {isa = PBXFileReference; lastKnownFileType = wrapper.framework; name = MapKit.framework; path = System/Library/Frameworks/MapKit.framework; sourceTree = SDKROOT; };
		B9818E0E2C31C7AA00CFA51E /* LocationViewController.swift */ = {isa = PBXFileReference; lastKnownFileType = sourcecode.swift; path = LocationViewController.swift; sourceTree = "<group>"; };
		B9818E122C32FCE800CFA51E /* VerAudioViewController.swift */ = {isa = PBXFileReference; lastKnownFileType = sourcecode.swift; path = VerAudioViewController.swift; sourceTree = "<group>"; };
		B9818E142C32FD0400CFA51E /* VerMapaViewController.swift */ = {isa = PBXFileReference; lastKnownFileType = sourcecode.swift; path = VerMapaViewController.swift; sourceTree = "<group>"; };
		B9818E162C33034200CFA51E /* EscucharAudioViewController.swift */ = {isa = PBXFileReference; lastKnownFileType = sourcecode.swift; path = EscucharAudioViewController.swift; sourceTree = "<group>"; };
/* End PBXFileReference section */

/* Begin PBXFrameworksBuildPhase section */
		B973A6202C2B647C00E3D8CF /* Frameworks */ = {
			isa = PBXFrameworksBuildPhase;
			buildActionMask = 2147483647;
			files = (
				B9818E0D2C31C69700CFA51E /* MapKit.framework in Frameworks */,
				B95B6F8F2C2F8D1D00301F56 /* SDWebImage in Frameworks */,
				B973A6422C2B66B500E3D8CF /* FirebaseDatabase in Frameworks */,
				B95B6F9D2C30C0A300301F56 /* FirebaseMessaging in Frameworks */,
				B973A6442C2B66B500E3D8CF /* FirebaseFirestore in Frameworks */,
				B95B6F992C30C0A300301F56 /* FirebaseInAppMessaging-Beta in Frameworks */,
				B973A63E2C2B66B500E3D8CF /* FirebaseAnalytics in Frameworks */,
				B973A6462C2B66B500E3D8CF /* FirebaseStorage in Frameworks */,
				B95B6F912C2F8D1D00301F56 /* SDWebImageMapKit in Frameworks */,
				B95B6F9B2C30C0A300301F56 /* FirebaseInAppMessagingSwift-Beta in Frameworks */,
				B973A6402C2B66B500E3D8CF /* FirebaseAuth in Frameworks */,
			);
			runOnlyForDeploymentPostprocessing = 0;
		};
/* End PBXFrameworksBuildPhase section */

/* Begin PBXGroup section */
		B973A61A2C2B647C00E3D8CF = {
			isa = PBXGroup;
			children = (
				B973A6252C2B647C00E3D8CF /* PerezSnapchat2 */,
				B973A6242C2B647C00E3D8CF /* Products */,
				B9818E0B2C31C69700CFA51E /* Frameworks */,
			);
			sourceTree = "<group>";
		};
		B973A6242C2B647C00E3D8CF /* Products */ = {
			isa = PBXGroup;
			children = (
				B973A6232C2B647C00E3D8CF /* PerezSnapchat2.app */,
			);
			name = Products;
			sourceTree = "<group>";
		};
		B973A6252C2B647C00E3D8CF /* PerezSnapchat2 */ = {
			isa = PBXGroup;
			children = (
				B973A64F2C2BB1E200E3D8CF /* Modelos */,
				B973A64E2C2BB18500E3D8CF /* ViewControllers */,
				B973A6472C2B8ACC00E3D8CF /* PerezSnapchat2.entitlements */,
				B973A6262C2B647C00E3D8CF /* AppDelegate.swift */,
				B973A6282C2B647C00E3D8CF /* SceneDelegate.swift */,
				B9818E142C32FD0400CFA51E /* VerMapaViewController.swift */,
				B973A62C2C2B647C00E3D8CF /* Main.storyboard */,
				B9818E162C33034200CFA51E /* EscucharAudioViewController.swift */,
				B973A62F2C2B647D00E3D8CF /* Assets.xcassets */,
				B973A6312C2B647D00E3D8CF /* LaunchScreen.storyboard */,
				B973A6342C2B647D00E3D8CF /* Info.plist */,
				B973A63A2C2B662D00E3D8CF /* GoogleService-Info.plist */,
			);
			path = PerezSnapchat2;
			sourceTree = "<group>";
		};
		B973A64E2C2BB18500E3D8CF /* ViewControllers */ = {
			isa = PBXGroup;
			children = (
				B973A62A2C2B647C00E3D8CF /* iniciarSesionViewController.swift */,
				B973A6482C2B8BC600E3D8CF /* SnapsViewController.swift */,
				B973A64C2C2BA90A00E3D8CF /* ElegirUsuarioViewController.swift */,
				B973A64A2C2B917A00E3D8CF /* ImagenViewController.swift */,
				B96DB56D2C2BD10900D36941 /* RegistroViewController.swift */,
				B95B6F8B2C2DDD8E00301F56 /* VerSnapViewController.swift */,
				B9818E122C32FCE800CFA51E /* VerAudioViewController.swift */,
				B95B6F922C305C2200301F56 /* AudioViewController.swift */,
				B95B6F962C30B82E00301F56 /* EditProfileViewController.swift */,
				B9818E0E2C31C7AA00CFA51E /* LocationViewController.swift */,
			);
			path = ViewControllers;
			sourceTree = "<group>";
		};
		B973A64F2C2BB1E200E3D8CF /* Modelos */ = {
			isa = PBXGroup;
			children = (
				B973A6502C2BB29800E3D8CF /* Usuario.swift */,
				B95B6F892C2DD3C000301F56 /* Snap.swift */,
			);
			path = Modelos;
			sourceTree = "<group>";
		};
		B9818E0B2C31C69700CFA51E /* Frameworks */ = {
			isa = PBXGroup;
			children = (
				B9818E0C2C31C69700CFA51E /* MapKit.framework */,
			);
			name = Frameworks;
			sourceTree = "<group>";
		};
/* End PBXGroup section */

/* Begin PBXNativeTarget section */
		B973A6222C2B647C00E3D8CF /* PerezSnapchat2 */ = {
			isa = PBXNativeTarget;
			buildConfigurationList = B973A6372C2B647D00E3D8CF /* Build configuration list for PBXNativeTarget "PerezSnapchat2" */;
			buildPhases = (
				B973A61F2C2B647C00E3D8CF /* Sources */,
				B973A6202C2B647C00E3D8CF /* Frameworks */,
				B973A6212C2B647C00E3D8CF /* Resources */,
			);
			buildRules = (
			);
			dependencies = (
			);
			name = PerezSnapchat2;
			packageProductDependencies = (
				B973A63D2C2B66B500E3D8CF /* FirebaseAnalytics */,
				B973A63F2C2B66B500E3D8CF /* FirebaseAuth */,
				B973A6412C2B66B500E3D8CF /* FirebaseDatabase */,
				B973A6432C2B66B500E3D8CF /* FirebaseFirestore */,
				B973A6452C2B66B500E3D8CF /* FirebaseStorage */,
				B95B6F8E2C2F8D1D00301F56 /* SDWebImage */,
				B95B6F902C2F8D1D00301F56 /* SDWebImageMapKit */,
				B95B6F982C30C0A300301F56 /* FirebaseInAppMessaging-Beta */,
				B95B6F9A2C30C0A300301F56 /* FirebaseInAppMessagingSwift-Beta */,
				B95B6F9C2C30C0A300301F56 /* FirebaseMessaging */,
			);
			productName = PerezSnapchat2;
			productReference = B973A6232C2B647C00E3D8CF /* PerezSnapchat2.app */;
			productType = "com.apple.product-type.application";
		};
/* End PBXNativeTarget section */

/* Begin PBXProject section */
		B973A61B2C2B647C00E3D8CF /* Project object */ = {
			isa = PBXProject;
			attributes = {
				BuildIndependentTargetsInParallel = 1;
				LastSwiftUpdateCheck = 1530;
				LastUpgradeCheck = 1530;
				TargetAttributes = {
					B973A6222C2B647C00E3D8CF = {
						CreatedOnToolsVersion = 15.3;
					};
				};
			};
			buildConfigurationList = B973A61E2C2B647C00E3D8CF /* Build configuration list for PBXProject "PerezSnapchat2" */;
			compatibilityVersion = "Xcode 14.0";
			developmentRegion = en;
			hasScannedForEncodings = 0;
			knownRegions = (
				en,
				Base,
			);
			mainGroup = B973A61A2C2B647C00E3D8CF;
			packageReferences = (
				B973A63C2C2B66B500E3D8CF /* XCRemoteSwiftPackageReference "firebase-ios-sdk" */,
				B95B6F8D2C2F8D1D00301F56 /* XCRemoteSwiftPackageReference "SDWebImage" */,
			);
			productRefGroup = B973A6242C2B647C00E3D8CF /* Products */;
			projectDirPath = "";
			projectRoot = "";
			targets = (
				B973A6222C2B647C00E3D8CF /* PerezSnapchat2 */,
			);
		};
/* End PBXProject section */

/* Begin PBXResourcesBuildPhase section */
		B973A6212C2B647C00E3D8CF /* Resources */ = {
			isa = PBXResourcesBuildPhase;
			buildActionMask = 2147483647;
			files = (
				B973A6302C2B647D00E3D8CF /* Assets.xcassets in Resources */,
				B973A6332C2B647D00E3D8CF /* Base in Resources */,
				B973A63B2C2B662E00E3D8CF /* GoogleService-Info.plist in Resources */,
				B973A62E2C2B647C00E3D8CF /* Base in Resources */,
			);
			runOnlyForDeploymentPostprocessing = 0;
		};
/* End PBXResourcesBuildPhase section */

/* Begin PBXSourcesBuildPhase section */
		B973A61F2C2B647C00E3D8CF /* Sources */ = {
			isa = PBXSourcesBuildPhase;
			buildActionMask = 2147483647;
			files = (
				B973A6492C2B8BC600E3D8CF /* SnapsViewController.swift in Sources */,
				B9818E172C33034200CFA51E /* EscucharAudioViewController.swift in Sources */,
				B973A64B2C2B917A00E3D8CF /* ImagenViewController.swift in Sources */,
				B95B6F972C30B82E00301F56 /* EditProfileViewController.swift in Sources */,
				B973A6512C2BB29800E3D8CF /* Usuario.swift in Sources */,
				B973A62B2C2B647C00E3D8CF /* iniciarSesionViewController.swift in Sources */,
				B95B6F8C2C2DDD8E00301F56 /* VerSnapViewController.swift in Sources */,
				B95B6F8A2C2DD3C000301F56 /* Snap.swift in Sources */,
				B9818E0F2C31C7AA00CFA51E /* LocationViewController.swift in Sources */,
				B9818E152C32FD0400CFA51E /* VerMapaViewController.swift in Sources */,
				B973A6272C2B647C00E3D8CF /* AppDelegate.swift in Sources */,
				B96DB56E2C2BD10900D36941 /* RegistroViewController.swift in Sources */,
				B95B6F932C305C2200301F56 /* AudioViewController.swift in Sources */,
				B973A6292C2B647C00E3D8CF /* SceneDelegate.swift in Sources */,
				B973A64D2C2BA90A00E3D8CF /* ElegirUsuarioViewController.swift in Sources */,
				B9818E132C32FCE800CFA51E /* VerAudioViewController.swift in Sources */,
			);
			runOnlyForDeploymentPostprocessing = 0;
		};
/* End PBXSourcesBuildPhase section */

/* Begin PBXVariantGroup section */
		B973A62C2C2B647C00E3D8CF /* Main.storyboard */ = {
			isa = PBXVariantGroup;
			children = (
				B973A62D2C2B647C00E3D8CF /* Base */,
			);
			name = Main.storyboard;
			sourceTree = "<group>";
		};
		B973A6312C2B647D00E3D8CF /* LaunchScreen.storyboard */ = {
			isa = PBXVariantGroup;
			children = (
				B973A6322C2B647D00E3D8CF /* Base */,
			);
			name = LaunchScreen.storyboard;
			sourceTree = "<group>";
		};
/* End PBXVariantGroup section */

/* Begin XCBuildConfiguration section */
		B973A6352C2B647D00E3D8CF /* Debug */ = {
			isa = XCBuildConfiguration;
			buildSettings = {
				ALWAYS_SEARCH_USER_PATHS = NO;
				ASSETCATALOG_COMPILER_GENERATE_SWIFT_ASSET_SYMBOL_EXTENSIONS = YES;
				CLANG_ANALYZER_NONNULL = YES;
				CLANG_ANALYZER_NUMBER_OBJECT_CONVERSION = YES_AGGRESSIVE;
				CLANG_CXX_LANGUAGE_STANDARD = "gnu++20";
				CLANG_ENABLE_MODULES = YES;
				CLANG_ENABLE_OBJC_ARC = YES;
				CLANG_ENABLE_OBJC_WEAK = YES;
				CLANG_WARN_BLOCK_CAPTURE_AUTORELEASING = YES;
				CLANG_WARN_BOOL_CONVERSION = YES;
				CLANG_WARN_COMMA = YES;
				CLANG_WARN_CONSTANT_CONVERSION = YES;
				CLANG_WARN_DEPRECATED_OBJC_IMPLEMENTATIONS = YES;
				CLANG_WARN_DIRECT_OBJC_ISA_USAGE = YES_ERROR;
				CLANG_WARN_DOCUMENTATION_COMMENTS = YES;
				CLANG_WARN_EMPTY_BODY = YES;
				CLANG_WARN_ENUM_CONVERSION = YES;
				CLANG_WARN_INFINITE_RECURSION = YES;
				CLANG_WARN_INT_CONVERSION = YES;
				CLANG_WARN_NON_LITERAL_NULL_CONVERSION = YES;
				CLANG_WARN_OBJC_IMPLICIT_RETAIN_SELF = YES;
				CLANG_WARN_OBJC_LITERAL_CONVERSION = YES;
				CLANG_WARN_OBJC_ROOT_CLASS = YES_ERROR;
				CLANG_WARN_QUOTED_INCLUDE_IN_FRAMEWORK_HEADER = YES;
				CLANG_WARN_RANGE_LOOP_ANALYSIS = YES;
				CLANG_WARN_STRICT_PROTOTYPES = YES;
				CLANG_WARN_SUSPICIOUS_MOVE = YES;
				CLANG_WARN_UNGUARDED_AVAILABILITY = YES_AGGRESSIVE;
				CLANG_WARN_UNREACHABLE_CODE = YES;
				CLANG_WARN__DUPLICATE_METHOD_MATCH = YES;
				COPY_PHASE_STRIP = NO;
				DEBUG_INFORMATION_FORMAT = dwarf;
				ENABLE_STRICT_OBJC_MSGSEND = YES;
				ENABLE_TESTABILITY = YES;
				ENABLE_USER_SCRIPT_SANDBOXING = YES;
				GCC_C_LANGUAGE_STANDARD = gnu17;
				GCC_DYNAMIC_NO_PIC = NO;
				GCC_NO_COMMON_BLOCKS = YES;
				GCC_OPTIMIZATION_LEVEL = 0;
				GCC_PREPROCESSOR_DEFINITIONS = (
					"DEBUG=1",
					"$(inherited)",
				);
				GCC_WARN_64_TO_32_BIT_CONVERSION = YES;
				GCC_WARN_ABOUT_RETURN_TYPE = YES_ERROR;
				GCC_WARN_UNDECLARED_SELECTOR = YES;
				GCC_WARN_UNINITIALIZED_AUTOS = YES_AGGRESSIVE;
				GCC_WARN_UNUSED_FUNCTION = YES;
				GCC_WARN_UNUSED_VARIABLE = YES;
				IPHONEOS_DEPLOYMENT_TARGET = 17.4;
				LOCALIZATION_PREFERS_STRING_CATALOGS = YES;
				MTL_ENABLE_DEBUG_INFO = INCLUDE_SOURCE;
				MTL_FAST_MATH = YES;
				ONLY_ACTIVE_ARCH = YES;
				SDKROOT = iphoneos;
				SWIFT_ACTIVE_COMPILATION_CONDITIONS = "DEBUG $(inherited)";
				SWIFT_OPTIMIZATION_LEVEL = "-Onone";
			};
			name = Debug;
		};
		B973A6362C2B647D00E3D8CF /* Release */ = {
			isa = XCBuildConfiguration;
			buildSettings = {
				ALWAYS_SEARCH_USER_PATHS = NO;
				ASSETCATALOG_COMPILER_GENERATE_SWIFT_ASSET_SYMBOL_EXTENSIONS = YES;
				CLANG_ANALYZER_NONNULL = YES;
				CLANG_ANALYZER_NUMBER_OBJECT_CONVERSION = YES_AGGRESSIVE;
				CLANG_CXX_LANGUAGE_STANDARD = "gnu++20";
				CLANG_ENABLE_MODULES = YES;
				CLANG_ENABLE_OBJC_ARC = YES;
				CLANG_ENABLE_OBJC_WEAK = YES;
				CLANG_WARN_BLOCK_CAPTURE_AUTORELEASING = YES;
				CLANG_WARN_BOOL_CONVERSION = YES;
				CLANG_WARN_COMMA = YES;
				CLANG_WARN_CONSTANT_CONVERSION = YES;
				CLANG_WARN_DEPRECATED_OBJC_IMPLEMENTATIONS = YES;
				CLANG_WARN_DIRECT_OBJC_ISA_USAGE = YES_ERROR;
				CLANG_WARN_DOCUMENTATION_COMMENTS = YES;
				CLANG_WARN_EMPTY_BODY = YES;
				CLANG_WARN_ENUM_CONVERSION = YES;
				CLANG_WARN_INFINITE_RECURSION = YES;
				CLANG_WARN_INT_CONVERSION = YES;
				CLANG_WARN_NON_LITERAL_NULL_CONVERSION = YES;
				CLANG_WARN_OBJC_IMPLICIT_RETAIN_SELF = YES;
				CLANG_WARN_OBJC_LITERAL_CONVERSION = YES;
				CLANG_WARN_OBJC_ROOT_CLASS = YES_ERROR;
				CLANG_WARN_QUOTED_INCLUDE_IN_FRAMEWORK_HEADER = YES;
				CLANG_WARN_RANGE_LOOP_ANALYSIS = YES;
				CLANG_WARN_STRICT_PROTOTYPES = YES;
				CLANG_WARN_SUSPICIOUS_MOVE = YES;
				CLANG_WARN_UNGUARDED_AVAILABILITY = YES_AGGRESSIVE;
				CLANG_WARN_UNREACHABLE_CODE = YES;
				CLANG_WARN__DUPLICATE_METHOD_MATCH = YES;
				COPY_PHASE_STRIP = NO;
				DEBUG_INFORMATION_FORMAT = "dwarf-with-dsym";
				ENABLE_NS_ASSERTIONS = NO;
				ENABLE_STRICT_OBJC_MSGSEND = YES;
				ENABLE_USER_SCRIPT_SANDBOXING = YES;
				GCC_C_LANGUAGE_STANDARD = gnu17;
				GCC_NO_COMMON_BLOCKS = YES;
				GCC_WARN_64_TO_32_BIT_CONVERSION = YES;
				GCC_WARN_ABOUT_RETURN_TYPE = YES_ERROR;
				GCC_WARN_UNDECLARED_SELECTOR = YES;
				GCC_WARN_UNINITIALIZED_AUTOS = YES_AGGRESSIVE;
				GCC_WARN_UNUSED_FUNCTION = YES;
				GCC_WARN_UNUSED_VARIABLE = YES;
				IPHONEOS_DEPLOYMENT_TARGET = 17.4;
				LOCALIZATION_PREFERS_STRING_CATALOGS = YES;
				MTL_ENABLE_DEBUG_INFO = NO;
				MTL_FAST_MATH = YES;
				SDKROOT = iphoneos;
				SWIFT_COMPILATION_MODE = wholemodule;
				VALIDATE_PRODUCT = YES;
			};
			name = Release;
		};
		B973A6382C2B647D00E3D8CF /* Debug */ = {
			isa = XCBuildConfiguration;
			buildSettings = {
				ASSETCATALOG_COMPILER_APPICON_NAME = AppIcon;
				ASSETCATALOG_COMPILER_GLOBAL_ACCENT_COLOR_NAME = AccentColor;
				CODE_SIGN_ENTITLEMENTS = PerezSnapchat2/PerezSnapchat2.entitlements;
				CODE_SIGN_STYLE = Automatic;
				CURRENT_PROJECT_VERSION = 1;
				DEVELOPMENT_TEAM = 5JR7FUWDNS;
				GENERATE_INFOPLIST_FILE = YES;
				INFOPLIST_FILE = PerezSnapchat2/Info.plist;
				INFOPLIST_KEY_UIApplicationSupportsIndirectInputEvents = YES;
				INFOPLIST_KEY_UILaunchStoryboardName = LaunchScreen;
				INFOPLIST_KEY_UIMainStoryboardFile = Main;
				INFOPLIST_KEY_UISupportedInterfaceOrientations_iPad = "UIInterfaceOrientationPortrait UIInterfaceOrientationPortraitUpsideDown UIInterfaceOrientationLandscapeLeft UIInterfaceOrientationLandscapeRight";
				INFOPLIST_KEY_UISupportedInterfaceOrientations_iPhone = "UIInterfaceOrientationPortrait UIInterfaceOrientationLandscapeLeft UIInterfaceOrientationLandscapeRight";
				LD_RUNPATH_SEARCH_PATHS = (
					"$(inherited)",
					"@executable_path/Frameworks",
				);
				MARKETING_VERSION = 1.0;
				PRODUCT_BUNDLE_IDENTIFIER = com.miempresa.PerezSnapchat2;
				PRODUCT_NAME = "$(TARGET_NAME)";
				SWIFT_EMIT_LOC_STRINGS = YES;
				SWIFT_VERSION = 5.0;
				TARGETED_DEVICE_FAMILY = "1,2";
			};
			name = Debug;
		};
		B973A6392C2B647D00E3D8CF /* Release */ = {
			isa = XCBuildConfiguration;
			buildSettings = {
				ASSETCATALOG_COMPILER_APPICON_NAME = AppIcon;
				ASSETCATALOG_COMPILER_GLOBAL_ACCENT_COLOR_NAME = AccentColor;
				CODE_SIGN_ENTITLEMENTS = PerezSnapchat2/PerezSnapchat2.entitlements;
				CODE_SIGN_STYLE = Automatic;
				CURRENT_PROJECT_VERSION = 1;
				DEVELOPMENT_TEAM = 5JR7FUWDNS;
				GENERATE_INFOPLIST_FILE = YES;
				INFOPLIST_FILE = PerezSnapchat2/Info.plist;
				INFOPLIST_KEY_UIApplicationSupportsIndirectInputEvents = YES;
				INFOPLIST_KEY_UILaunchStoryboardName = LaunchScreen;
				INFOPLIST_KEY_UIMainStoryboardFile = Main;
				INFOPLIST_KEY_UISupportedInterfaceOrientations_iPad = "UIInterfaceOrientationPortrait UIInterfaceOrientationPortraitUpsideDown UIInterfaceOrientationLandscapeLeft UIInterfaceOrientationLandscapeRight";
				INFOPLIST_KEY_UISupportedInterfaceOrientations_iPhone = "UIInterfaceOrientationPortrait UIInterfaceOrientationLandscapeLeft UIInterfaceOrientationLandscapeRight";
				LD_RUNPATH_SEARCH_PATHS = (
					"$(inherited)",
					"@executable_path/Frameworks",
				);
				MARKETING_VERSION = 1.0;
				PRODUCT_BUNDLE_IDENTIFIER = com.miempresa.PerezSnapchat2;
				PRODUCT_NAME = "$(TARGET_NAME)";
				SWIFT_EMIT_LOC_STRINGS = YES;
				SWIFT_VERSION = 5.0;
				TARGETED_DEVICE_FAMILY = "1,2";
			};
			name = Release;
		};
/* End XCBuildConfiguration section */

/* Begin XCConfigurationList section */
		B973A61E2C2B647C00E3D8CF /* Build configuration list for PBXProject "PerezSnapchat2" */ = {
			isa = XCConfigurationList;
			buildConfigurations = (
				B973A6352C2B647D00E3D8CF /* Debug */,
				B973A6362C2B647D00E3D8CF /* Release */,
			);
			defaultConfigurationIsVisible = 0;
			defaultConfigurationName = Release;
		};
		B973A6372C2B647D00E3D8CF /* Build configuration list for PBXNativeTarget "PerezSnapchat2" */ = {
			isa = XCConfigurationList;
			buildConfigurations = (
				B973A6382C2B647D00E3D8CF /* Debug */,
				B973A6392C2B647D00E3D8CF /* Release */,
			);
			defaultConfigurationIsVisible = 0;
			defaultConfigurationName = Release;
		};
/* End XCConfigurationList section */

/* Begin XCRemoteSwiftPackageReference section */
		B95B6F8D2C2F8D1D00301F56 /* XCRemoteSwiftPackageReference "SDWebImage" */ = {
			isa = XCRemoteSwiftPackageReference;
			repositoryURL = "https://github.com/SDWebImage/SDWebImage.git";
			requirement = {
				kind = versionRange;
				maximumVersion = 6.0.0;
				minimumVersion = 5.19.3;
			};
		};
		B973A63C2C2B66B500E3D8CF /* XCRemoteSwiftPackageReference "firebase-ios-sdk" */ = {
			isa = XCRemoteSwiftPackageReference;
			repositoryURL = "https://github.com/firebase/firebase-ios-sdk";
			requirement = {
				kind = versionRange;
				maximumVersion = 11.0.0;
				minimumVersion = 10.28.1;
			};
		};
/* End XCRemoteSwiftPackageReference section */

/* Begin XCSwiftPackageProductDependency section */
		B95B6F8E2C2F8D1D00301F56 /* SDWebImage */ = {
			isa = XCSwiftPackageProductDependency;
			package = B95B6F8D2C2F8D1D00301F56 /* XCRemoteSwiftPackageReference "SDWebImage" */;
			productName = SDWebImage;
		};
		B95B6F902C2F8D1D00301F56 /* SDWebImageMapKit */ = {
			isa = XCSwiftPackageProductDependency;
			package = B95B6F8D2C2F8D1D00301F56 /* XCRemoteSwiftPackageReference "SDWebImage" */;
			productName = SDWebImageMapKit;
		};
		B95B6F982C30C0A300301F56 /* FirebaseInAppMessaging-Beta */ = {
			isa = XCSwiftPackageProductDependency;
			productName = "FirebaseInAppMessaging-Beta";
		};
		B95B6F9A2C30C0A300301F56 /* FirebaseInAppMessagingSwift-Beta */ = {
			isa = XCSwiftPackageProductDependency;
			productName = "FirebaseInAppMessagingSwift-Beta";
		};
		B95B6F9C2C30C0A300301F56 /* FirebaseMessaging */ = {
			isa = XCSwiftPackageProductDependency;
			productName = FirebaseMessaging;
		};
		B973A63D2C2B66B500E3D8CF /* FirebaseAnalytics */ = {
			isa = XCSwiftPackageProductDependency;
			package = B973A63C2C2B66B500E3D8CF /* XCRemoteSwiftPackageReference "firebase-ios-sdk" */;
			productName = FirebaseAnalytics;
		};
		B973A63F2C2B66B500E3D8CF /* FirebaseAuth */ = {
			isa = XCSwiftPackageProductDependency;
			package = B973A63C2C2B66B500E3D8CF /* XCRemoteSwiftPackageReference "firebase-ios-sdk" */;
			productName = FirebaseAuth;
		};
		B973A6412C2B66B500E3D8CF /* FirebaseDatabase */ = {
			isa = XCSwiftPackageProductDependency;
			package = B973A63C2C2B66B500E3D8CF /* XCRemoteSwiftPackageReference "firebase-ios-sdk" */;
			productName = FirebaseDatabase;
		};
		B973A6432C2B66B500E3D8CF /* FirebaseFirestore */ = {
			isa = XCSwiftPackageProductDependency;
			package = B973A63C2C2B66B500E3D8CF /* XCRemoteSwiftPackageReference "firebase-ios-sdk" */;
			productName = FirebaseFirestore;
		};
		B973A6452C2B66B500E3D8CF /* FirebaseStorage */ = {
			isa = XCSwiftPackageProductDependency;
			package = B973A63C2C2B66B500E3D8CF /* XCRemoteSwiftPackageReference "firebase-ios-sdk" */;
			productName = FirebaseStorage;
		};
/* End XCSwiftPackageProductDependency section */
	};
	rootObject = B973A61B2C2B647C00E3D8CF /* Project object */;
}
